
Microsoft Visual Studio Solution File, Format Version 12.00
# Visual Studio 2013
VisualStudioVersion = 12.0.21005.1
MinimumVisualStudioVersion = 10.0.40219.1
Project("{FAE04EC0-301F-11D3-BF4B-00C04F79EFBC}") = "HL2Customizer", "HL2Customizer\HL2Customizer.csproj", "{AE305484-1292-411E-80B8-049864752500}"
EndProject
Project("{54435603-DBB4-11D2-8724-00A0C9A8B90C}") = "HL2CustomizerInstaller", "HL2CustomizerInstaller\HL2CustomizerInstaller.vdproj", "{F60AD315-96F1-43DA-A92C-253130D57A83}"
EndProject
Global
	GlobalSection(SolutionConfigurationPlatforms) = preSolution
		Debug|Any CPU = Debug|Any CPU
		Release|Any CPU = Release|Any CPU
	EndGlobalSection
	GlobalSection(ProjectConfigurationPlatforms) = postSolution
		{AE305484-1292-411E-80B8-049864752500}.Debug|Any CPU.ActiveCfg = Debug|Any CPU
		{AE305484-1292-411E-80B8-049864752500}.Debug|Any CPU.Build.0 = Debug|Any CPU
		{AE305484-1292-411E-80B8-049864752500}.Release|Any CPU.ActiveCfg = Release|Any CPU
		{AE305484-1292-411E-80B8-049864752500}.Release|Any CPU.Build.0 = Release|Any CPU
		{F60AD315-96F1-43DA-A92C-253130D57A83}.Debug|Any CPU.ActiveCfg = Debug
		{F60AD315-96F1-43DA-A92C-253130D57A83}.Release|Any CPU.ActiveCfg = Release
		{F60AD315-96F1-43DA-A92C-253130D57A83}.Release|Any CPU.Build.0 = Release
	EndGlobalSection
	GlobalSection(SolutionProperties) = preSolution
		HideSolutionNode = FALSE
	EndGlobalSection
EndGlobal
